
Microsoft Visual Studio Solution File, Format Version 12.00
# Visual Studio Version 16
VisualStudioVersion = 16.0.31410.357
MinimumVisualStudioVersion = 10.0.40219.1
Project("{8BC9CEB8-8B4A-11D0-8D11-00A0C91BC942}") = "Sanke", "Sanke\Sanke.vcxproj", "{2BA4EC0F-0429-40BD-9B39-EA4F7C9A0B1A}"
EndProject
Project("{8BC9CEB8-8B4A-11D0-8D11-00A0C91BC942}") = "Server", "Server\Server.vcxproj", "{9524E358-B9ED-4800-8140-B7C3CECD69E5}"
EndProject
Project("{8BC9CEB8-8B4A-11D0-8D11-00A0C91BC942}") = "Client", "Client\Client.vcxproj", "{742CA515-FEF4-40FA-B070-CC36D5F8B9F6}"
EndProject
Global
	GlobalSection(SolutionConfigurationPlatforms) = preSolution
		Debug|x64 = Debug|x64
		Debug|x86 = Debug|x86
		Release|x64 = Release|x64
		Release|x86 = Release|x86
	EndGlobalSection
	GlobalSection(ProjectConfigurationPlatforms) = postSolution
		{2BA4EC0F-0429-40BD-9B39-EA4F7C9A0B1A}.Debug|x64.ActiveCfg = Debug|x64
		{2BA4EC0F-0429-40BD-9B39-EA4F7C9A0B1A}.Debug|x64.Build.0 = Debug|x64
		{2BA4EC0F-0429-40BD-9B39-EA4F7C9A0B1A}.Debug|x86.ActiveCfg = Debug|Win32
		{2BA4EC0F-0429-40BD-9B39-EA4F7C9A0B1A}.Debug|x86.Build.0 = Debug|Win32
		{2BA4EC0F-0429-40BD-9B39-EA4F7C9A0B1A}.Release|x64.ActiveCfg = Release|x64
		{2BA4EC0F-0429-40BD-9B39-EA4F7C9A0B1A}.Release|x64.Build.0 = Release|x64
		{2BA4EC0F-0429-40BD-9B39-EA4F7C9A0B1A}.Release|x86.ActiveCfg = Release|Win32
		{2BA4EC0F-0429-40BD-9B39-EA4F7C9A0B1A}.Release|x86.Build.0 = Release|Win32
		{9524E358-B9ED-4800-8140-B7C3CECD69E5}.Debug|x64.ActiveCfg = Debug|x64
		{9524E358-B9ED-4800-8140-B7C3CECD69E5}.Debug|x64.Build.0 = Debug|x64
		{9524E358-B9ED-4800-8140-B7C3CECD69E5}.Debug|x86.ActiveCfg = Debug|Win32
		{9524E358-B9ED-4800-8140-B7C3CECD69E5}.Debug|x86.Build.0 = Debug|Win32
		{9524E358-B9ED-4800-8140-B7C3CECD69E5}.Release|x64.ActiveCfg = Release|x64
		{9524E358-B9ED-4800-8140-B7C3CECD69E5}.Release|x64.Build.0 = Release|x64
		{9524E358-B9ED-4800-8140-B7C3CECD69E5}.Release|x86.ActiveCfg = Release|Win32
		{9524E358-B9ED-4800-8140-B7C3CECD69E5}.Release|x86.Build.0 = Release|Win32
		{742CA515-FEF4-40FA-B070-CC36D5F8B9F6}.Debug|x64.ActiveCfg = Debug|x64
		{742CA515-FEF4-40FA-B070-CC36D5F8B9F6}.Debug|x64.Build.0 = Debug|x64
		{742CA515-FEF4-40FA-B070-CC36D5F8B9F6}.Debug|x86.ActiveCfg = Debug|Win32
		{742CA515-FEF4-40FA-B070-CC36D5F8B9F6}.Debug|x86.Build.0 = Debug|Win32
		{742CA515-FEF4-40FA-B070-CC36D5F8B9F6}.Release|x64.ActiveCfg = Release|x64
		{742CA515-FEF4-40FA-B070-CC36D5F8B9F6}.Release|x64.Build.0 = Release|x64
		{742CA515-FEF4-40FA-B070-CC36D5F8B9F6}.Release|x86.ActiveCfg = Release|Win32
		{742CA515-FEF4-40FA-B070-CC36D5F8B9F6}.Release|x86.Build.0 = Release|Win32
	EndGlobalSection
	GlobalSection(SolutionProperties) = preSolution
		HideSolutionNode = FALSE
	EndGlobalSection
	GlobalSection(ExtensibilityGlobals) = postSolution
		SolutionGuid = {4B846683-7029-4FA5-A898-8B6208A9A0B6}
	EndGlobalSection
EndGlobal
